
Microsoft Visual Studio Solution File, Format Version 12.00
# Visual Studio 2012
Project("{8BC9CEB8-8B4A-11D0-8D11-00A0C91BC942}") = "WifiAudioSender", "WifiAudioSender.vcxproj", "{0CDA4EE1-3CAD-4ADE-8010-386D8C0FCD63}"
EndProject
Global
	GlobalSection(SolutionConfigurationPlatforms) = preSolution
		Debug|Win32 = Debug|Win32
		Release|Win32 = Release|Win32
	EndGlobalSection
	GlobalSection(ProjectConfigurationPlatforms) = postSolution
		{0CDA4EE1-3CAD-4ADE-8010-386D8C0FCD63}.Debug|Win32.ActiveCfg = Debug|Win32
		{0CDA4EE1-3CAD-4ADE-8010-386D8C0FCD63}.Debug|Win32.Build.0 = Debug|Win32
		{0CDA4EE1-3CAD-4ADE-8010-386D8C0FCD63}.Release|Win32.ActiveCfg = Release|Win32
		{0CDA4EE1-3CAD-4ADE-8010-386D8C0FCD63}.Release|Win32.Build.0 = Release|Win32
	EndGlobalSection
	GlobalSection(SolutionProperties) = preSolution
		HideSolutionNode = FALSE
	EndGlobalSection
EndGlobal
